{
  "name": "zcode-web-lugas",
  "lockfileVersion": 3,
  "requires": true,
  "packages": {
    "": {
      "name": "zcode-web-lugas",
      "dependencies": {
        "lugas": "^0.1.0-beta.5"
      }
    },
    "node_modules/lugas": {
      "version": "0.1.0-beta.5",
      "resolved": "https://registry.npmjs.org/lugas/-/lugas-0.1.0-beta.5.tgz",
      "integrity": "sha512-hfJmQrE45QVO2YaYA4VpIzoGmtjm+VG4Vdk6uhudwBJzJF7x0i39VU85L1c90zUyU7XchyZWf4Jbe4vZhTd67Q==",
      "license": "Apache-2.0",
      "bin": {
        "lugas": "dist/cli/main.js"
      },
      "engines": {
        "bun": ">=1.4.0"
      }
    }
  }
}
