{
  "name": "zcode-web-lugas",
  "lockfileVersion": 3,
  "requires": true,
  "packages": {
    "": {
      "name": "zcode-web-lugas",
      "dependencies": {
        "lugas": "^0.1.0-beta.4"
      }
    },
    "node_modules/lugas": {
      "version": "0.1.0-beta.4",
      "resolved": "https://registry.npmjs.org/lugas/-/lugas-0.1.0-beta.4.tgz",
      "integrity": "sha512-bz+zAcbLg5LXRtEzi88KOFEIGfPj2oxhzaHibupr+r+s0GZ/h+YvwyBX5Xek4y1PgQ38mi6Xyl69oIiQCW3iKw==",
      "license": "Apache-2.0",
      "bin": {
        "lugas": "src/cli/main.ts"
      }
    }
  }
}
